// !$*UTF8*$!
{
	archiveVersion = 1;
	classes = {
	};
	objectVersion = 48;
	objects = {

/* Begin PBXBuildFile section */
		D2E52AC928583D42BED262B1 /* Pods_ElectrosLab.framework in Frameworks */ = {isa = PBXBuildFile; fileRef = FBA5943ACBA7CDE419249BD2 /* Pods_ElectrosLab.framework */; };
		D737317C1FCC78B5002BBA9C /* AppDelegate.swift in Sources */ = {isa = PBXBuildFile; fileRef = D737317B1FCC78B5002BBA9C /* AppDelegate.swift */; };
		D737317E1FCC78B5002BBA9C /* ViewController.swift in Sources */ = {isa = PBXBuildFile; fileRef = D737317D1FCC78B5002BBA9C /* ViewController.swift */; };
		D73731811FCC78B5002BBA9C /* Main.storyboard in Resources */ = {isa = PBXBuildFile; fileRef = D737317F1FCC78B5002BBA9C /* Main.storyboard */; };
		D73731831FCC78B5002BBA9C /* Assets.xcassets in Resources */ = {isa = PBXBuildFile; fileRef = D73731821FCC78B5002BBA9C /* Assets.xcassets */; };
		D73731861FCC78B5002BBA9C /* LaunchScreen.storyboard in Resources */ = {isa = PBXBuildFile; fileRef = D73731841FCC78B5002BBA9C /* LaunchScreen.storyboard */; };
		D737318E1FCC7BA8002BBA9C /* Auth.storyboard in Resources */ = {isa = PBXBuildFile; fileRef = D737318D1FCC7BA8002BBA9C /* Auth.storyboard */; };
		D73731911FCC7C64002BBA9C /* Storyboards.swift in Sources */ = {isa = PBXBuildFile; fileRef = D73731901FCC7C64002BBA9C /* Storyboards.swift */; };
		D73731941FCC7D02002BBA9C /* Coordinator.swift in Sources */ = {isa = PBXBuildFile; fileRef = D73731931FCC7D02002BBA9C /* Coordinator.swift */; };
		D73731961FCC7D3E002BBA9C /* Presentable.swift in Sources */ = {isa = PBXBuildFile; fileRef = D73731951FCC7D3E002BBA9C /* Presentable.swift */; };
		D73731981FCC7D70002BBA9C /* BaseView.swift in Sources */ = {isa = PBXBuildFile; fileRef = D73731971FCC7D70002BBA9C /* BaseView.swift */; };
		D737319B1FCC7DF0002BBA9C /* Router.swift in Sources */ = {isa = PBXBuildFile; fileRef = D737319A1FCC7DF0002BBA9C /* Router.swift */; };
		D737319D1FCC7E04002BBA9C /* RouterImp.swift in Sources */ = {isa = PBXBuildFile; fileRef = D737319C1FCC7E04002BBA9C /* RouterImp.swift */; };
		D737319F1FCC7E46002BBA9C /* Extensions.swift in Sources */ = {isa = PBXBuildFile; fileRef = D737319E1FCC7E46002BBA9C /* Extensions.swift */; };
		D73731A31FCC7EE5002BBA9C /* AppContent.swift in Sources */ = {isa = PBXBuildFile; fileRef = D73731A21FCC7EE5002BBA9C /* AppContent.swift */; };
		D73731A51FCC7F84002BBA9C /* Formatters.swift in Sources */ = {isa = PBXBuildFile; fileRef = D73731A41FCC7F84002BBA9C /* Formatters.swift */; };
		D73731A81FCC807E002BBA9C /* Validators.swift in Sources */ = {isa = PBXBuildFile; fileRef = D73731A71FCC807E002BBA9C /* Validators.swift */; };
/* End PBXBuildFile section */

/* Begin PBXFileReference section */
		2B460837EA0435142DDB28C1 /* Pods-ElectrosLab.release.xcconfig */ = {isa = PBXFileReference; includeInIndex = 1; lastKnownFileType = text.xcconfig; name = "Pods-ElectrosLab.release.xcconfig"; path = "Pods/Target Support Files/Pods-ElectrosLab/Pods-ElectrosLab.release.xcconfig"; sourceTree = "<group>"; };
		D161747433541C773471437E /* Pods-ElectrosLab.debug.xcconfig */ = {isa = PBXFileReference; includeInIndex = 1; lastKnownFileType = text.xcconfig; name = "Pods-ElectrosLab.debug.xcconfig"; path = "Pods/Target Support Files/Pods-ElectrosLab/Pods-ElectrosLab.debug.xcconfig"; sourceTree = "<group>"; };
		D73731781FCC78B5002BBA9C /* ElectrosLab.app */ = {isa = PBXFileReference; explicitFileType = wrapper.application; includeInIndex = 0; path = ElectrosLab.app; sourceTree = BUILT_PRODUCTS_DIR; };
		D737317B1FCC78B5002BBA9C /* AppDelegate.swift */ = {isa = PBXFileReference; lastKnownFileType = sourcecode.swift; path = AppDelegate.swift; sourceTree = "<group>"; };
		D737317D1FCC78B5002BBA9C /* ViewController.swift */ = {isa = PBXFileReference; lastKnownFileType = sourcecode.swift; path = ViewController.swift; sourceTree = "<group>"; };
		D73731801FCC78B5002BBA9C /* Base */ = {isa = PBXFileReference; lastKnownFileType = file.storyboard; name = Base; path = Base.lproj/Main.storyboard; sourceTree = "<group>"; };
		D73731821FCC78B5002BBA9C /* Assets.xcassets */ = {isa = PBXFileReference; lastKnownFileType = folder.assetcatalog; path = Assets.xcassets; sourceTree = "<group>"; };
		D73731851FCC78B5002BBA9C /* Base */ = {isa = PBXFileReference; lastKnownFileType = file.storyboard; name = Base; path = Base.lproj/LaunchScreen.storyboard; sourceTree = "<group>"; };
		D73731871FCC78B5002BBA9C /* Info.plist */ = {isa = PBXFileReference; lastKnownFileType = text.plist.xml; path = Info.plist; sourceTree = "<group>"; };
		D737318D1FCC7BA8002BBA9C /* Auth.storyboard */ = {isa = PBXFileReference; lastKnownFileType = file.storyboard; path = Auth.storyboard; sourceTree = "<group>"; };
		D73731901FCC7C64002BBA9C /* Storyboards.swift */ = {isa = PBXFileReference; lastKnownFileType = sourcecode.swift; path = Storyboards.swift; sourceTree = "<group>"; };
		D73731931FCC7D02002BBA9C /* Coordinator.swift */ = {isa = PBXFileReference; lastKnownFileType = sourcecode.swift; path = Coordinator.swift; sourceTree = "<group>"; };
		D73731951FCC7D3E002BBA9C /* Presentable.swift */ = {isa = PBXFileReference; lastKnownFileType = sourcecode.swift; path = Presentable.swift; sourceTree = "<group>"; };
		D73731971FCC7D70002BBA9C /* BaseView.swift */ = {isa = PBXFileReference; lastKnownFileType = sourcecode.swift; path = BaseView.swift; sourceTree = "<group>"; };
		D737319A1FCC7DF0002BBA9C /* Router.swift */ = {isa = PBXFileReference; lastKnownFileType = sourcecode.swift; path = Router.swift; sourceTree = "<group>"; };
		D737319C1FCC7E04002BBA9C /* RouterImp.swift */ = {isa = PBXFileReference; lastKnownFileType = sourcecode.swift; path = RouterImp.swift; sourceTree = "<group>"; };
		D737319E1FCC7E46002BBA9C /* Extensions.swift */ = {isa = PBXFileReference; lastKnownFileType = sourcecode.swift; path = Extensions.swift; sourceTree = "<group>"; };
		D73731A21FCC7EE5002BBA9C /* AppContent.swift */ = {isa = PBXFileReference; lastKnownFileType = sourcecode.swift; path = AppContent.swift; sourceTree = "<group>"; };
		D73731A41FCC7F84002BBA9C /* Formatters.swift */ = {isa = PBXFileReference; lastKnownFileType = sourcecode.swift; path = Formatters.swift; sourceTree = "<group>"; };
		D73731A71FCC807E002BBA9C /* Validators.swift */ = {isa = PBXFileReference; lastKnownFileType = sourcecode.swift; path = Validators.swift; sourceTree = "<group>"; };
		FBA5943ACBA7CDE419249BD2 /* Pods_ElectrosLab.framework */ = {isa = PBXFileReference; explicitFileType = wrapper.framework; includeInIndex = 0; path = Pods_ElectrosLab.framework; sourceTree = BUILT_PRODUCTS_DIR; };
/* End PBXFileReference section */

/* Begin PBXFrameworksBuildPhase section */
		D73731751FCC78B5002BBA9C /* Frameworks */ = {
			isa = PBXFrameworksBuildPhase;
			buildActionMask = 2147483647;
			files = (
				D2E52AC928583D42BED262B1 /* Pods_ElectrosLab.framework in Frameworks */,
			);
			runOnlyForDeploymentPostprocessing = 0;
		};
/* End PBXFrameworksBuildPhase section */

/* Begin PBXGroup section */
		2A486B51D0B40CB090EAC20C /* Pods */ = {
			isa = PBXGroup;
			children = (
				D161747433541C773471437E /* Pods-ElectrosLab.debug.xcconfig */,
				2B460837EA0435142DDB28C1 /* Pods-ElectrosLab.release.xcconfig */,
			);
			name = Pods;
			sourceTree = "<group>";
		};
		D737316F1FCC78B5002BBA9C = {
			isa = PBXGroup;
			children = (
				D737317A1FCC78B5002BBA9C /* ElectrosLab */,
				D73731791FCC78B5002BBA9C /* Products */,
				2A486B51D0B40CB090EAC20C /* Pods */,
				FCC665829D0E8037B61B5011 /* Frameworks */,
			);
			sourceTree = "<group>";
		};
		D73731791FCC78B5002BBA9C /* Products */ = {
			isa = PBXGroup;
			children = (
				D73731781FCC78B5002BBA9C /* ElectrosLab.app */,
			);
			name = Products;
			sourceTree = "<group>";
		};
		D737317A1FCC78B5002BBA9C /* ElectrosLab */ = {
			isa = PBXGroup;
			children = (
				D73731A61FCC8075002BBA9C /* Validators */,
				D73731A11FCC7ED6002BBA9C /* Application */,
				D73731A01FCC7ECD002BBA9C /* Extensions */,
				D73731991FCC7DE3002BBA9C /* Router */,
				D73731921FCC7CF1002BBA9C /* Protocols */,
				D737318F1FCC7BB0002BBA9C /* Storyboards */,
				D737317D1FCC78B5002BBA9C /* ViewController.swift */,
				D73731821FCC78B5002BBA9C /* Assets.xcassets */,
				D73731871FCC78B5002BBA9C /* Info.plist */,
			);
			path = ElectrosLab;
			sourceTree = "<group>";
		};
		D737318F1FCC7BB0002BBA9C /* Storyboards */ = {
			isa = PBXGroup;
			children = (
				D73731841FCC78B5002BBA9C /* LaunchScreen.storyboard */,
				D737317F1FCC78B5002BBA9C /* Main.storyboard */,
				D737318D1FCC7BA8002BBA9C /* Auth.storyboard */,
				D73731901FCC7C64002BBA9C /* Storyboards.swift */,
			);
			path = Storyboards;
			sourceTree = "<group>";
		};
		D73731921FCC7CF1002BBA9C /* Protocols */ = {
			isa = PBXGroup;
			children = (
				D73731931FCC7D02002BBA9C /* Coordinator.swift */,
				D73731951FCC7D3E002BBA9C /* Presentable.swift */,
				D73731971FCC7D70002BBA9C /* BaseView.swift */,
			);
			path = Protocols;
			sourceTree = "<group>";
		};
		D73731991FCC7DE3002BBA9C /* Router */ = {
			isa = PBXGroup;
			children = (
				D737319A1FCC7DF0002BBA9C /* Router.swift */,
				D737319C1FCC7E04002BBA9C /* RouterImp.swift */,
			);
			path = Router;
			sourceTree = "<group>";
		};
		D73731A01FCC7ECD002BBA9C /* Extensions */ = {
			isa = PBXGroup;
			children = (
				D737319E1FCC7E46002BBA9C /* Extensions.swift */,
			);
			path = Extensions;
			sourceTree = "<group>";
		};
		D73731A11FCC7ED6002BBA9C /* Application */ = {
			isa = PBXGroup;
			children = (
				D737317B1FCC78B5002BBA9C /* AppDelegate.swift */,
				D73731A21FCC7EE5002BBA9C /* AppContent.swift */,
				D73731A41FCC7F84002BBA9C /* Formatters.swift */,
			);
			path = Application;
			sourceTree = "<group>";
		};
		D73731A61FCC8075002BBA9C /* Validators */ = {
			isa = PBXGroup;
			children = (
				D73731A71FCC807E002BBA9C /* Validators.swift */,
			);
			path = Validators;
			sourceTree = "<group>";
		};
		FCC665829D0E8037B61B5011 /* Frameworks */ = {
			isa = PBXGroup;
			children = (
				FBA5943ACBA7CDE419249BD2 /* Pods_ElectrosLab.framework */,
			);
			name = Frameworks;
			sourceTree = "<group>";
		};
/* End PBXGroup section */

/* Begin PBXNativeTarget section */
		D73731771FCC78B5002BBA9C /* ElectrosLab */ = {
			isa = PBXNativeTarget;
			buildConfigurationList = D737318A1FCC78B5002BBA9C /* Build configuration list for PBXNativeTarget "ElectrosLab" */;
			buildPhases = (
				4A78AF5F4AD28192680E84DD /* [CP] Check Pods Manifest.lock */,
				D73731741FCC78B5002BBA9C /* Sources */,
				D73731751FCC78B5002BBA9C /* Frameworks */,
				D73731761FCC78B5002BBA9C /* Resources */,
				F78BD61BABAF0222C60FC992 /* [CP] Embed Pods Frameworks */,
				458802823B0A0ED3A5CCB66A /* [CP] Copy Pods Resources */,
			);
			buildRules = (
			);
			dependencies = (
			);
			name = ElectrosLab;
			productName = ElectrosLab;
			productReference = D73731781FCC78B5002BBA9C /* ElectrosLab.app */;
			productType = "com.apple.product-type.application";
		};
/* End PBXNativeTarget section */

/* Begin PBXProject section */
		D73731701FCC78B5002BBA9C /* Project object */ = {
			isa = PBXProject;
			attributes = {
				LastSwiftUpdateCheck = 0910;
				LastUpgradeCheck = 0910;
				ORGANIZATIONNAME = "Hussein Jaber";
				TargetAttributes = {
					D73731771FCC78B5002BBA9C = {
						CreatedOnToolsVersion = 9.1;
						ProvisioningStyle = Automatic;
					};
				};
			};
			buildConfigurationList = D73731731FCC78B5002BBA9C /* Build configuration list for PBXProject "ElectrosLab" */;
			compatibilityVersion = "Xcode 8.0";
			developmentRegion = en;
			hasScannedForEncodings = 0;
			knownRegions = (
				en,
				Base,
			);
			mainGroup = D737316F1FCC78B5002BBA9C;
			productRefGroup = D73731791FCC78B5002BBA9C /* Products */;
			projectDirPath = "";
			projectRoot = "";
			targets = (
				D73731771FCC78B5002BBA9C /* ElectrosLab */,
			);
		};
/* End PBXProject section */

/* Begin PBXResourcesBuildPhase section */
		D73731761FCC78B5002BBA9C /* Resources */ = {
			isa = PBXResourcesBuildPhase;
			buildActionMask = 2147483647;
			files = (
				D737318E1FCC7BA8002BBA9C /* Auth.storyboard in Resources */,
				D73731861FCC78B5002BBA9C /* LaunchScreen.storyboard in Resources */,
				D73731831FCC78B5002BBA9C /* Assets.xcassets in Resources */,
				D73731811FCC78B5002BBA9C /* Main.storyboard in Resources */,
			);
			runOnlyForDeploymentPostprocessing = 0;
		};
/* End PBXResourcesBuildPhase section */

/* Begin PBXShellScriptBuildPhase section */
		458802823B0A0ED3A5CCB66A /* [CP] Copy Pods Resources */ = {
			isa = PBXShellScriptBuildPhase;
			buildActionMask = 2147483647;
			files = (
			);
			inputPaths = (
			);
			name = "[CP] Copy Pods Resources";
			outputPaths = (
			);
			runOnlyForDeploymentPostprocessing = 0;
			shellPath = /bin/sh;
			shellScript = "\"${SRCROOT}/Pods/Target Support Files/Pods-ElectrosLab/Pods-ElectrosLab-resources.sh\"\n";
			showEnvVarsInLog = 0;
		};
		4A78AF5F4AD28192680E84DD /* [CP] Check Pods Manifest.lock */ = {
			isa = PBXShellScriptBuildPhase;
			buildActionMask = 2147483647;
			files = (
			);
			inputPaths = (
				"${PODS_PODFILE_DIR_PATH}/Podfile.lock",
				"${PODS_ROOT}/Manifest.lock",
			);
			name = "[CP] Check Pods Manifest.lock";
			outputPaths = (
				"$(DERIVED_FILE_DIR)/Pods-ElectrosLab-checkManifestLockResult.txt",
			);
			runOnlyForDeploymentPostprocessing = 0;
			shellPath = /bin/sh;
			shellScript = "diff \"${PODS_PODFILE_DIR_PATH}/Podfile.lock\" \"${PODS_ROOT}/Manifest.lock\" > /dev/null\nif [ $? != 0 ] ; then\n    # print error to STDERR\n    echo \"error: The sandbox is not in sync with the Podfile.lock. Run 'pod install' or update your CocoaPods installation.\" >&2\n    exit 1\nfi\n# This output is used by Xcode 'outputs' to avoid re-running this script phase.\necho \"SUCCESS\" > \"${SCRIPT_OUTPUT_FILE_0}\"\n";
			showEnvVarsInLog = 0;
		};
		F78BD61BABAF0222C60FC992 /* [CP] Embed Pods Frameworks */ = {
			isa = PBXShellScriptBuildPhase;
			buildActionMask = 2147483647;
			files = (
			);
			inputPaths = (
				"${SRCROOT}/Pods/Target Support Files/Pods-ElectrosLab/Pods-ElectrosLab-frameworks.sh",
				"${BUILT_PRODUCTS_DIR}/BoringSSL/openssl.framework",
				"${BUILT_PRODUCTS_DIR}/GTMSessionFetcher/GTMSessionFetcher.framework",
				"${BUILT_PRODUCTS_DIR}/GoogleToolboxForMac/GoogleToolboxForMac.framework",
				"${BUILT_PRODUCTS_DIR}/Protobuf/Protobuf.framework",
				"${BUILT_PRODUCTS_DIR}/RxCocoa/RxCocoa.framework",
				"${BUILT_PRODUCTS_DIR}/RxSwift/RxSwift.framework",
				"${BUILT_PRODUCTS_DIR}/SVProgressHUD/SVProgressHUD.framework",
				"${BUILT_PRODUCTS_DIR}/gRPC/GRPCClient.framework",
				"${BUILT_PRODUCTS_DIR}/gRPC-Core/grpc.framework",
				"${BUILT_PRODUCTS_DIR}/gRPC-ProtoRPC/ProtoRPC.framework",
				"${BUILT_PRODUCTS_DIR}/gRPC-RxLibrary/RxLibrary.framework",
				"${BUILT_PRODUCTS_DIR}/leveldb-library/leveldb.framework",
				"${BUILT_PRODUCTS_DIR}/nanopb/nanopb.framework",
			);
			name = "[CP] Embed Pods Frameworks";
			outputPaths = (
				"${TARGET_BUILD_DIR}/${FRAMEWORKS_FOLDER_PATH}/openssl.framework",
				"${TARGET_BUILD_DIR}/${FRAMEWORKS_FOLDER_PATH}/GTMSessionFetcher.framework",
				"${TARGET_BUILD_DIR}/${FRAMEWORKS_FOLDER_PATH}/GoogleToolboxForMac.framework",
				"${TARGET_BUILD_DIR}/${FRAMEWORKS_FOLDER_PATH}/Protobuf.framework",
				"${TARGET_BUILD_DIR}/${FRAMEWORKS_FOLDER_PATH}/RxCocoa.framework",
				"${TARGET_BUILD_DIR}/${FRAMEWORKS_FOLDER_PATH}/RxSwift.framework",
				"${TARGET_BUILD_DIR}/${FRAMEWORKS_FOLDER_PATH}/SVProgressHUD.framework",
				"${TARGET_BUILD_DIR}/${FRAMEWORKS_FOLDER_PATH}/GRPCClient.framework",
				"${TARGET_BUILD_DIR}/${FRAMEWORKS_FOLDER_PATH}/grpc.framework",
				"${TARGET_BUILD_DIR}/${FRAMEWORKS_FOLDER_PATH}/ProtoRPC.framework",
				"${TARGET_BUILD_DIR}/${FRAMEWORKS_FOLDER_PATH}/RxLibrary.framework",
				"${TARGET_BUILD_DIR}/${FRAMEWORKS_FOLDER_PATH}/leveldb.framework",
				"${TARGET_BUILD_DIR}/${FRAMEWORKS_FOLDER_PATH}/nanopb.framework",
			);
			runOnlyForDeploymentPostprocessing = 0;
			shellPath = /bin/sh;
			shellScript = "\"${SRCROOT}/Pods/Target Support Files/Pods-ElectrosLab/Pods-ElectrosLab-frameworks.sh\"\n";
			showEnvVarsInLog = 0;
		};
/* End PBXShellScriptBuildPhase section */

/* Begin PBXSourcesBuildPhase section */
		D73731741FCC78B5002BBA9C /* Sources */ = {
			isa = PBXSourcesBuildPhase;
			buildActionMask = 2147483647;
			files = (
				D73731941FCC7D02002BBA9C /* Coordinator.swift in Sources */,
				D737319F1FCC7E46002BBA9C /* Extensions.swift in Sources */,
				D73731A51FCC7F84002BBA9C /* Formatters.swift in Sources */,
				D737319D1FCC7E04002BBA9C /* RouterImp.swift in Sources */,
				D73731911FCC7C64002BBA9C /* Storyboards.swift in Sources */,
				D737317E1FCC78B5002BBA9C /* ViewController.swift in Sources */,
				D737319B1FCC7DF0002BBA9C /* Router.swift in Sources */,
				D73731981FCC7D70002BBA9C /* BaseView.swift in Sources */,
				D73731A81FCC807E002BBA9C /* Validators.swift in Sources */,
				D73731A31FCC7EE5002BBA9C /* AppContent.swift in Sources */,
				D73731961FCC7D3E002BBA9C /* Presentable.swift in Sources */,
				D737317C1FCC78B5002BBA9C /* AppDelegate.swift in Sources */,
			);
			runOnlyForDeploymentPostprocessing = 0;
		};
/* End PBXSourcesBuildPhase section */

/* Begin PBXVariantGroup section */
		D737317F1FCC78B5002BBA9C /* Main.storyboard */ = {
			isa = PBXVariantGroup;
			children = (
				D73731801FCC78B5002BBA9C /* Base */,
			);
			name = Main.storyboard;
			sourceTree = "<group>";
		};
		D73731841FCC78B5002BBA9C /* LaunchScreen.storyboard */ = {
			isa = PBXVariantGroup;
			children = (
				D73731851FCC78B5002BBA9C /* Base */,
			);
			name = LaunchScreen.storyboard;
			sourceTree = "<group>";
		};
/* End PBXVariantGroup section */

/* Begin XCBuildConfiguration section */
		D73731881FCC78B5002BBA9C /* Debug */ = {
			isa = XCBuildConfiguration;
			buildSettings = {
				ALWAYS_SEARCH_USER_PATHS = NO;
				CLANG_ANALYZER_NONNULL = YES;
				CLANG_ANALYZER_NUMBER_OBJECT_CONVERSION = YES_AGGRESSIVE;
				CLANG_CXX_LANGUAGE_STANDARD = "gnu++14";
				CLANG_CXX_LIBRARY = "libc++";
				CLANG_ENABLE_MODULES = YES;
				CLANG_ENABLE_OBJC_ARC = YES;
				CLANG_WARN_BLOCK_CAPTURE_AUTORELEASING = YES;
				CLANG_WARN_BOOL_CONVERSION = YES;
				CLANG_WARN_COMMA = YES;
				CLANG_WARN_CONSTANT_CONVERSION = YES;
				CLANG_WARN_DIRECT_OBJC_ISA_USAGE = YES_ERROR;
				CLANG_WARN_DOCUMENTATION_COMMENTS = YES;
				CLANG_WARN_EMPTY_BODY = YES;
				CLANG_WARN_ENUM_CONVERSION = YES;
				CLANG_WARN_INFINITE_RECURSION = YES;
				CLANG_WARN_INT_CONVERSION = YES;
				CLANG_WARN_NON_LITERAL_NULL_CONVERSION = YES;
				CLANG_WARN_OBJC_LITERAL_CONVERSION = YES;
				CLANG_WARN_OBJC_ROOT_CLASS = YES_ERROR;
				CLANG_WARN_RANGE_LOOP_ANALYSIS = YES;
				CLANG_WARN_STRICT_PROTOTYPES = YES;
				CLANG_WARN_SUSPICIOUS_MOVE = YES;
				CLANG_WARN_UNGUARDED_AVAILABILITY = YES_AGGRESSIVE;
				CLANG_WARN_UNREACHABLE_CODE = YES;
				CLANG_WARN__DUPLICATE_METHOD_MATCH = YES;
				CODE_SIGN_IDENTITY = "iPhone Developer";
				COPY_PHASE_STRIP = NO;
				DEBUG_INFORMATION_FORMAT = dwarf;
				ENABLE_STRICT_OBJC_MSGSEND = YES;
				ENABLE_TESTABILITY = YES;
				GCC_C_LANGUAGE_STANDARD = gnu11;
				GCC_DYNAMIC_NO_PIC = NO;
				GCC_NO_COMMON_BLOCKS = YES;
				GCC_OPTIMIZATION_LEVEL = 0;
				GCC_PREPROCESSOR_DEFINITIONS = (
					"DEBUG=1",
					"$(inherited)",
				);
				GCC_WARN_64_TO_32_BIT_CONVERSION = YES;
				GCC_WARN_ABOUT_RETURN_TYPE = YES_ERROR;
				GCC_WARN_UNDECLARED_SELECTOR = YES;
				GCC_WARN_UNINITIALIZED_AUTOS = YES_AGGRESSIVE;
				GCC_WARN_UNUSED_FUNCTION = YES;
				GCC_WARN_UNUSED_VARIABLE = YES;
				IPHONEOS_DEPLOYMENT_TARGET = 11.1;
				MTL_ENABLE_DEBUG_INFO = YES;
				ONLY_ACTIVE_ARCH = YES;
				SDKROOT = iphoneos;
				SWIFT_ACTIVE_COMPILATION_CONDITIONS = DEBUG;
				SWIFT_OPTIMIZATION_LEVEL = "-Onone";
			};
			name = Debug;
		};
		D73731891FCC78B5002BBA9C /* Release */ = {
			isa = XCBuildConfiguration;
			buildSettings = {
				ALWAYS_SEARCH_USER_PATHS = NO;
				CLANG_ANALYZER_NONNULL = YES;
				CLANG_ANALYZER_NUMBER_OBJECT_CONVERSION = YES_AGGRESSIVE;
				CLANG_CXX_LANGUAGE_STANDARD = "gnu++14";
				CLANG_CXX_LIBRARY = "libc++";
				CLANG_ENABLE_MODULES = YES;
				CLANG_ENABLE_OBJC_ARC = YES;
				CLANG_WARN_BLOCK_CAPTURE_AUTORELEASING = YES;
				CLANG_WARN_BOOL_CONVERSION = YES;
				CLANG_WARN_COMMA = YES;
				CLANG_WARN_CONSTANT_CONVERSION = YES;
				CLANG_WARN_DIRECT_OBJC_ISA_USAGE = YES_ERROR;
				CLANG_WARN_DOCUMENTATION_COMMENTS = YES;
				CLANG_WARN_EMPTY_BODY = YES;
				CLANG_WARN_ENUM_CONVERSION = YES;
				CLANG_WARN_INFINITE_RECURSION = YES;
				CLANG_WARN_INT_CONVERSION = YES;
				CLANG_WARN_NON_LITERAL_NULL_CONVERSION = YES;
				CLANG_WARN_OBJC_LITERAL_CONVERSION = YES;
				CLANG_WARN_OBJC_ROOT_CLASS = YES_ERROR;
				CLANG_WARN_RANGE_LOOP_ANALYSIS = YES;
				CLANG_WARN_STRICT_PROTOTYPES = YES;
				CLANG_WARN_SUSPICIOUS_MOVE = YES;
				CLANG_WARN_UNGUARDED_AVAILABILITY = YES_AGGRESSIVE;
				CLANG_WARN_UNREACHABLE_CODE = YES;
				CLANG_WARN__DUPLICATE_METHOD_MATCH = YES;
				CODE_SIGN_IDENTITY = "iPhone Developer";
				COPY_PHASE_STRIP = NO;
				DEBUG_INFORMATION_FORMAT = "dwarf-with-dsym";
				ENABLE_NS_ASSERTIONS = NO;
				ENABLE_STRICT_OBJC_MSGSEND = YES;
				GCC_C_LANGUAGE_STANDARD = gnu11;
				GCC_NO_COMMON_BLOCKS = YES;
				GCC_WARN_64_TO_32_BIT_CONVERSION = YES;
				GCC_WARN_ABOUT_RETURN_TYPE = YES_ERROR;
				GCC_WARN_UNDECLARED_SELECTOR = YES;
				GCC_WARN_UNINITIALIZED_AUTOS = YES_AGGRESSIVE;
				GCC_WARN_UNUSED_FUNCTION = YES;
				GCC_WARN_UNUSED_VARIABLE = YES;
				IPHONEOS_DEPLOYMENT_TARGET = 11.1;
				MTL_ENABLE_DEBUG_INFO = NO;
				SDKROOT = iphoneos;
				SWIFT_OPTIMIZATION_LEVEL = "-Owholemodule";
				VALIDATE_PRODUCT = YES;
			};
			name = Release;
		};
		D737318B1FCC78B5002BBA9C /* Debug */ = {
			isa = XCBuildConfiguration;
			baseConfigurationReference = D161747433541C773471437E /* Pods-ElectrosLab.debug.xcconfig */;
			buildSettings = {
				ASSETCATALOG_COMPILER_APPICON_NAME = AppIcon;
				CODE_SIGN_STYLE = Automatic;
				DEVELOPMENT_TEAM = "";
				INFOPLIST_FILE = ElectrosLab/Info.plist;
				IPHONEOS_DEPLOYMENT_TARGET = 10.0;
				LD_RUNPATH_SEARCH_PATHS = "$(inherited) @executable_path/Frameworks";
				PRODUCT_BUNDLE_IDENTIFIER = iOSApp.ElectrosLab;
				PRODUCT_NAME = "$(TARGET_NAME)";
				SWIFT_VERSION = 4.0;
				TARGETED_DEVICE_FAMILY = "1,2";
			};
			name = Debug;
		};
		D737318C1FCC78B5002BBA9C /* Release */ = {
			isa = XCBuildConfiguration;
			baseConfigurationReference = 2B460837EA0435142DDB28C1 /* Pods-ElectrosLab.release.xcconfig */;
			buildSettings = {
				ASSETCATALOG_COMPILER_APPICON_NAME = AppIcon;
				CODE_SIGN_STYLE = Automatic;
				DEVELOPMENT_TEAM = "";
				INFOPLIST_FILE = ElectrosLab/Info.plist;
				IPHONEOS_DEPLOYMENT_TARGET = 10.0;
				LD_RUNPATH_SEARCH_PATHS = "$(inherited) @executable_path/Frameworks";
				PRODUCT_BUNDLE_IDENTIFIER = iOSApp.ElectrosLab;
				PRODUCT_NAME = "$(TARGET_NAME)";
				SWIFT_VERSION = 4.0;
				TARGETED_DEVICE_FAMILY = "1,2";
			};
			name = Release;
		};
/* End XCBuildConfiguration section */

/* Begin XCConfigurationList section */
		D73731731FCC78B5002BBA9C /* Build configuration list for PBXProject "ElectrosLab" */ = {
			isa = XCConfigurationList;
			buildConfigurations = (
				D73731881FCC78B5002BBA9C /* Debug */,
				D73731891FCC78B5002BBA9C /* Release */,
			);
			defaultConfigurationIsVisible = 0;
			defaultConfigurationName = Release;
		};
		D737318A1FCC78B5002BBA9C /* Build configuration list for PBXNativeTarget "ElectrosLab" */ = {
			isa = XCConfigurationList;
			buildConfigurations = (
				D737318B1FCC78B5002BBA9C /* Debug */,
				D737318C1FCC78B5002BBA9C /* Release */,
			);
			defaultConfigurationIsVisible = 0;
			defaultConfigurationName = Release;
		};
/* End XCConfigurationList section */
	};
	rootObject = D73731701FCC78B5002BBA9C /* Project object */;
}
